
Microsoft Visual Studio Solution File, Format Version 12.00
# Visual Studio Version 16
VisualStudioVersion = 16.0.31424.327
MinimumVisualStudioVersion = 10.0.40219.1
Project("{FAE04EC0-301F-11D3-BF4B-00C04F79EFBC}") = "my-books", "my-books\my-books.csproj", "{B070107E-A645-4BF3-8D10-DA8CC3243EFB}"
EndProject
Global
	GlobalSection(SolutionConfigurationPlatforms) = preSolution
		Debug|Any CPU = Debug|Any CPU
		Release|Any CPU = Release|Any CPU
	EndGlobalSection
	GlobalSection(ProjectConfigurationPlatforms) = postSolution
		{B070107E-A645-4BF3-8D10-DA8CC3243EFB}.Debug|Any CPU.ActiveCfg = Debug|Any CPU
		{B070107E-A645-4BF3-8D10-DA8CC3243EFB}.Debug|Any CPU.Build.0 = Debug|Any CPU
		{B070107E-A645-4BF3-8D10-DA8CC3243EFB}.Release|Any CPU.ActiveCfg = Release|Any CPU
		{B070107E-A645-4BF3-8D10-DA8CC3243EFB}.Release|Any CPU.Build.0 = Release|Any CPU
	EndGlobalSection
	GlobalSection(SolutionProperties) = preSolution
		HideSolutionNode = FALSE
	EndGlobalSection
	GlobalSection(ExtensibilityGlobals) = postSolution
		SolutionGuid = {0AA7F38B-877E-4117-9BC3-D24C071F19B4}
	EndGlobalSection
EndGlobal
